// !$*UTF8*$!
{
	archiveVersion = 1;
	classes = {
	};
	objectVersion = 50;
	objects = {

/* Begin PBXBuildFile section */
		45926FA222336BC900266885 /* main.cpp in Sources */ = {isa = PBXBuildFile; fileRef = 45926FA122336BC900266885 /* main.cpp */; };
		45926FDE223C12AB00266885 /* ExamplePeer.cpp in Sources */ = {isa = PBXBuildFile; fileRef = 45926FDC223C12AB00266885 /* ExamplePeer.cpp */; };
		45CEED902240A39E0062D643 /* PBFT_Peer.cpp in Sources */ = {isa = PBXBuildFile; fileRef = 45CEED8E2240A39E0062D643 /* PBFT_Peer.cpp */; };
/* End PBXBuildFile section */

/* Begin PBXCopyFilesBuildPhase section */
		45926F9C22336BC900266885 /* CopyFiles */ = {
			isa = PBXCopyFilesBuildPhase;
			buildActionMask = 2147483647;
			dstPath = /usr/share/man/man1/;
			dstSubfolderSpec = 0;
			files = (
			);
			runOnlyForDeploymentPostprocessing = 1;
		};
/* End PBXCopyFilesBuildPhase section */

/* Begin PBXFileReference section */
		45926F9E22336BC900266885 /* Multi_Level_Secure_Blockchain */ = {isa = PBXFileReference; explicitFileType = "compiled.mach-o.executable"; includeInIndex = 0; path = Multi_Level_Secure_Blockchain; sourceTree = BUILT_PRODUCTS_DIR; };
		45926FA122336BC900266885 /* main.cpp */ = {isa = PBXFileReference; lastKnownFileType = sourcecode.cpp.cpp; path = main.cpp; sourceTree = "<group>"; };
		45926FA92233737D00266885 /* Peer.hpp */ = {isa = PBXFileReference; lastKnownFileType = sourcecode.cpp.h; path = Peer.hpp; sourceTree = "<group>"; };
		45926FAC223374DB00266885 /* Packet.hpp */ = {isa = PBXFileReference; lastKnownFileType = sourcecode.cpp.h; path = Packet.hpp; sourceTree = "<group>"; };
		45926FDC223C12AB00266885 /* ExamplePeer.cpp */ = {isa = PBXFileReference; lastKnownFileType = sourcecode.cpp.cpp; path = ExamplePeer.cpp; sourceTree = "<group>"; };
		45926FDD223C12AB00266885 /* ExamplePeer.hpp */ = {isa = PBXFileReference; lastKnownFileType = sourcecode.cpp.h; path = ExamplePeer.hpp; sourceTree = "<group>"; };
		459FA26A224960B800ED6A3C /* Network.hpp */ = {isa = PBXFileReference; fileEncoding = 4; lastKnownFileType = sourcecode.cpp.h; path = Network.hpp; sourceTree = "<group>"; };
		45CEED8E2240A39E0062D643 /* PBFT_Peer.cpp */ = {isa = PBXFileReference; lastKnownFileType = sourcecode.cpp.cpp; path = PBFT_Peer.cpp; sourceTree = "<group>"; };
		45CEED8F2240A39E0062D643 /* PBFT_Peer.hpp */ = {isa = PBXFileReference; lastKnownFileType = sourcecode.cpp.h; path = PBFT_Peer.hpp; sourceTree = "<group>"; };
/* End PBXFileReference section */

/* Begin PBXFrameworksBuildPhase section */
		45926F9B22336BC900266885 /* Frameworks */ = {
			isa = PBXFrameworksBuildPhase;
			buildActionMask = 2147483647;
			files = (
			);
			runOnlyForDeploymentPostprocessing = 0;
		};
/* End PBXFrameworksBuildPhase section */

/* Begin PBXGroup section */
		45926F9522336BC900266885 = {
			isa = PBXGroup;
			children = (
				45926FA022336BC900266885 /* Multi_Level_Secure_Blockchain */,
				45926F9F22336BC900266885 /* Products */,
			);
			sourceTree = "<group>";
		};
		45926F9F22336BC900266885 /* Products */ = {
			isa = PBXGroup;
			children = (
				45926F9E22336BC900266885 /* Multi_Level_Secure_Blockchain */,
			);
			name = Products;
			sourceTree = "<group>";
		};
		45926FA022336BC900266885 /* Multi_Level_Secure_Blockchain */ = {
			isa = PBXGroup;
			children = (
				459FA26A224960B800ED6A3C /* Network.hpp */,
				45926FA122336BC900266885 /* main.cpp */,
				45926FA92233737D00266885 /* Peer.hpp */,
				45926FAC223374DB00266885 /* Packet.hpp */,
				45926FDC223C12AB00266885 /* ExamplePeer.cpp */,
				45926FDD223C12AB00266885 /* ExamplePeer.hpp */,
				45CEED8E2240A39E0062D643 /* PBFT_Peer.cpp */,
				45CEED8F2240A39E0062D643 /* PBFT_Peer.hpp */,
			);
			path = Multi_Level_Secure_Blockchain;
			sourceTree = "<group>";
		};
/* End PBXGroup section */

/* Begin PBXNativeTarget section */
		45926F9D22336BC900266885 /* Multi_Level_Secure_Blockchain */ = {
			isa = PBXNativeTarget;
			buildConfigurationList = 45926FA522336BC900266885 /* Build configuration list for PBXNativeTarget "Multi_Level_Secure_Blockchain" */;
			buildPhases = (
				45926F9A22336BC900266885 /* Sources */,
				45926F9B22336BC900266885 /* Frameworks */,
				45926F9C22336BC900266885 /* CopyFiles */,
			);
			buildRules = (
			);
			dependencies = (
			);
			name = Multi_Level_Secure_Blockchain;
			productName = Multi_Level_Secure_Blockchain;
			productReference = 45926F9E22336BC900266885 /* Multi_Level_Secure_Blockchain */;
			productType = "com.apple.product-type.tool";
		};
/* End PBXNativeTarget section */

/* Begin PBXProject section */
		45926F9622336BC900266885 /* Project object */ = {
			isa = PBXProject;
			attributes = {
				LastUpgradeCheck = 1010;
				ORGANIZATIONNAME = "Kent State University";
				TargetAttributes = {
					45926F9D22336BC900266885 = {
						CreatedOnToolsVersion = 10.1;
					};
				};
			};
			buildConfigurationList = 45926F9922336BC900266885 /* Build configuration list for PBXProject "Multi_Level_Secure_Blockchain" */;
			compatibilityVersion = "Xcode 9.3";
			developmentRegion = en;
			hasScannedForEncodings = 0;
			knownRegions = (
				en,
			);
			mainGroup = 45926F9522336BC900266885;
			productRefGroup = 45926F9F22336BC900266885 /* Products */;
			projectDirPath = "";
			projectRoot = "";
			targets = (
				45926F9D22336BC900266885 /* Multi_Level_Secure_Blockchain */,
			);
		};
/* End PBXProject section */

/* Begin PBXSourcesBuildPhase section */
		45926F9A22336BC900266885 /* Sources */ = {
			isa = PBXSourcesBuildPhase;
			buildActionMask = 2147483647;
			files = (
				45926FA222336BC900266885 /* main.cpp in Sources */,
				45926FDE223C12AB00266885 /* ExamplePeer.cpp in Sources */,
				45CEED902240A39E0062D643 /* PBFT_Peer.cpp in Sources */,
			);
			runOnlyForDeploymentPostprocessing = 0;
		};
/* End PBXSourcesBuildPhase section */

/* Begin XCBuildConfiguration section */
		45926FA322336BC900266885 /* Debug */ = {
			isa = XCBuildConfiguration;
			buildSettings = {
				ALWAYS_SEARCH_USER_PATHS = NO;
				CLANG_ANALYZER_NONNULL = YES;
				CLANG_ANALYZER_NUMBER_OBJECT_CONVERSION = YES_AGGRESSIVE;
				CLANG_CXX_LANGUAGE_STANDARD = "gnu++14";
				CLANG_CXX_LIBRARY = "libc++";
				CLANG_ENABLE_MODULES = YES;
				CLANG_ENABLE_OBJC_ARC = YES;
				CLANG_ENABLE_OBJC_WEAK = YES;
				CLANG_WARN_BLOCK_CAPTURE_AUTORELEASING = YES;
				CLANG_WARN_BOOL_CONVERSION = YES;
				CLANG_WARN_COMMA = YES;
				CLANG_WARN_CONSTANT_CONVERSION = YES;
				CLANG_WARN_DEPRECATED_OBJC_IMPLEMENTATIONS = YES;
				CLANG_WARN_DIRECT_OBJC_ISA_USAGE = YES_ERROR;
				CLANG_WARN_DOCUMENTATION_COMMENTS = YES;
				CLANG_WARN_EMPTY_BODY = YES;
				CLANG_WARN_ENUM_CONVERSION = YES;
				CLANG_WARN_INFINITE_RECURSION = YES;
				CLANG_WARN_INT_CONVERSION = YES;
				CLANG_WARN_NON_LITERAL_NULL_CONVERSION = YES;
				CLANG_WARN_OBJC_IMPLICIT_RETAIN_SELF = YES;
				CLANG_WARN_OBJC_LITERAL_CONVERSION = YES;
				CLANG_WARN_OBJC_ROOT_CLASS = YES_ERROR;
				CLANG_WARN_RANGE_LOOP_ANALYSIS = YES;
				CLANG_WARN_STRICT_PROTOTYPES = YES;
				CLANG_WARN_SUSPICIOUS_MOVE = YES;
				CLANG_WARN_UNGUARDED_AVAILABILITY = YES_AGGRESSIVE;
				CLANG_WARN_UNREACHABLE_CODE = YES;
				CLANG_WARN__DUPLICATE_METHOD_MATCH = YES;
				CODE_SIGN_IDENTITY = "-";
				COPY_PHASE_STRIP = NO;
				DEBUG_INFORMATION_FORMAT = dwarf;
				ENABLE_STRICT_OBJC_MSGSEND = YES;
				ENABLE_TESTABILITY = YES;
				GCC_C_LANGUAGE_STANDARD = gnu11;
				GCC_DYNAMIC_NO_PIC = NO;
				GCC_NO_COMMON_BLOCKS = YES;
				GCC_OPTIMIZATION_LEVEL = 0;
				GCC_PREPROCESSOR_DEFINITIONS = (
					"DEBUG=1",
					"$(inherited)",
				);
				GCC_WARN_64_TO_32_BIT_CONVERSION = YES;
				GCC_WARN_ABOUT_RETURN_TYPE = YES_ERROR;
				GCC_WARN_UNDECLARED_SELECTOR = YES;
				GCC_WARN_UNINITIALIZED_AUTOS = YES_AGGRESSIVE;
				GCC_WARN_UNUSED_FUNCTION = YES;
				GCC_WARN_UNUSED_VARIABLE = YES;
				MACOSX_DEPLOYMENT_TARGET = 10.14;
				MTL_ENABLE_DEBUG_INFO = INCLUDE_SOURCE;
				MTL_FAST_MATH = YES;
				ONLY_ACTIVE_ARCH = YES;
				SDKROOT = macosx;
			};
			name = Debug;
		};
		45926FA422336BC900266885 /* Release */ = {
			isa = XCBuildConfiguration;
			buildSettings = {
				ALWAYS_SEARCH_USER_PATHS = NO;
				CLANG_ANALYZER_NONNULL = YES;
				CLANG_ANALYZER_NUMBER_OBJECT_CONVERSION = YES_AGGRESSIVE;
				CLANG_CXX_LANGUAGE_STANDARD = "gnu++14";
				CLANG_CXX_LIBRARY = "libc++";
				CLANG_ENABLE_MODULES = YES;
				CLANG_ENABLE_OBJC_ARC = YES;
				CLANG_ENABLE_OBJC_WEAK = YES;
				CLANG_WARN_BLOCK_CAPTURE_AUTORELEASING = YES;
				CLANG_WARN_BOOL_CONVERSION = YES;
				CLANG_WARN_COMMA = YES;
				CLANG_WARN_CONSTANT_CONVERSION = YES;
				CLANG_WARN_DEPRECATED_OBJC_IMPLEMENTATIONS = YES;
				CLANG_WARN_DIRECT_OBJC_ISA_USAGE = YES_ERROR;
				CLANG_WARN_DOCUMENTATION_COMMENTS = YES;
				CLANG_WARN_EMPTY_BODY = YES;
				CLANG_WARN_ENUM_CONVERSION = YES;
				CLANG_WARN_INFINITE_RECURSION = YES;
				CLANG_WARN_INT_CONVERSION = YES;
				CLANG_WARN_NON_LITERAL_NULL_CONVERSION = YES;
				CLANG_WARN_OBJC_IMPLICIT_RETAIN_SELF = YES;
				CLANG_WARN_OBJC_LITERAL_CONVERSION = YES;
				CLANG_WARN_OBJC_ROOT_CLASS = YES_ERROR;
				CLANG_WARN_RANGE_LOOP_ANALYSIS = YES;
				CLANG_WARN_STRICT_PROTOTYPES = YES;
				CLANG_WARN_SUSPICIOUS_MOVE = YES;
				CLANG_WARN_UNGUARDED_AVAILABILITY = YES_AGGRESSIVE;
				CLANG_WARN_UNREACHABLE_CODE = YES;
				CLANG_WARN__DUPLICATE_METHOD_MATCH = YES;
				CODE_SIGN_IDENTITY = "-";
				COPY_PHASE_STRIP = NO;
				DEBUG_INFORMATION_FORMAT = "dwarf-with-dsym";
				ENABLE_NS_ASSERTIONS = NO;
				ENABLE_STRICT_OBJC_MSGSEND = YES;
				GCC_C_LANGUAGE_STANDARD = gnu11;
				GCC_NO_COMMON_BLOCKS = YES;
				GCC_WARN_64_TO_32_BIT_CONVERSION = YES;
				GCC_WARN_ABOUT_RETURN_TYPE = YES_ERROR;
				GCC_WARN_UNDECLARED_SELECTOR = YES;
				GCC_WARN_UNINITIALIZED_AUTOS = YES_AGGRESSIVE;
				GCC_WARN_UNUSED_FUNCTION = YES;
				GCC_WARN_UNUSED_VARIABLE = YES;
				MACOSX_DEPLOYMENT_TARGET = 10.14;
				MTL_ENABLE_DEBUG_INFO = NO;
				MTL_FAST_MATH = YES;
				SDKROOT = macosx;
			};
			name = Release;
		};
		45926FA622336BC900266885 /* Debug */ = {
			isa = XCBuildConfiguration;
			buildSettings = {
				CODE_SIGN_STYLE = Automatic;
				PRODUCT_NAME = "$(TARGET_NAME)";
			};
			name = Debug;
		};
		45926FA722336BC900266885 /* Release */ = {
			isa = XCBuildConfiguration;
			buildSettings = {
				CODE_SIGN_STYLE = Automatic;
				PRODUCT_NAME = "$(TARGET_NAME)";
			};
			name = Release;
		};
/* End XCBuildConfiguration section */

/* Begin XCConfigurationList section */
		45926F9922336BC900266885 /* Build configuration list for PBXProject "Multi_Level_Secure_Blockchain" */ = {
			isa = XCConfigurationList;
			buildConfigurations = (
				45926FA322336BC900266885 /* Debug */,
				45926FA422336BC900266885 /* Release */,
			);
			defaultConfigurationIsVisible = 0;
			defaultConfigurationName = Release;
		};
		45926FA522336BC900266885 /* Build configuration list for PBXNativeTarget "Multi_Level_Secure_Blockchain" */ = {
			isa = XCConfigurationList;
			buildConfigurations = (
				45926FA622336BC900266885 /* Debug */,
				45926FA722336BC900266885 /* Release */,
			);
			defaultConfigurationIsVisible = 0;
			defaultConfigurationName = Release;
		};
/* End XCConfigurationList section */
	};
	rootObject = 45926F9622336BC900266885 /* Project object */;
}
